
Microsoft Visual Studio Solution File, Format Version 12.00
# Visual Studio Version 17
VisualStudioVersion = 17.0.31903.59
MinimumVisualStudioVersion = 10.0.40219.1
Project("{2150E333-8FDC-42A3-9474-1A3956D46DE8}") = "src", "src", "{827E0CD3-B72D-47B6-A68D-7590B98EB39B}"
EndProject
Project("{FAE04EC0-301F-11D3-BF4B-00C04F79EFBC}") = "Bfocus.Monitor", "src\Bfocus.Monitor\Bfocus.Monitor.csproj", "{BF9F8140-9CAB-4733-AEFB-2B2B23FCCEA6}"
EndProject
Project("{FAE04EC0-301F-11D3-BF4B-00C04F79EFBC}") = "Bfocus.Monitor.AspNetCore", "src\Bfocus.Monitor.AspNetCore\Bfocus.Monitor.AspNetCore.csproj", "{9E8D4574-9EC2-4636-9A9D-0EA8A4955670}"
EndProject
Project("{2150E333-8FDC-42A3-9474-1A3956D46DE8}") = "tests", "tests", "{0AB3BF05-4346-4AA6-1389-037BE0695223}"
EndProject
Project("{FAE04EC0-301F-11D3-BF4B-00C04F79EFBC}") = "Bfocus.Monitor.Tests", "tests\Bfocus.Monitor.Tests\Bfocus.Monitor.Tests.csproj", "{E9BB1C5F-9E86-46E7-865A-7E05FC02E898}"
EndProject
Global
	GlobalSection(SolutionConfigurationPlatforms) = preSolution
		Debug|Any CPU = Debug|Any CPU
		Debug|x64 = Debug|x64
		Debug|x86 = Debug|x86
		Release|Any CPU = Release|Any CPU
		Release|x64 = Release|x64
		Release|x86 = Release|x86
	EndGlobalSection
	GlobalSection(ProjectConfigurationPlatforms) = postSolution
		{BF9F8140-9CAB-4733-AEFB-2B2B23FCCEA6}.Debug|Any CPU.ActiveCfg = Debug|Any CPU
		{BF9F8140-9CAB-4733-AEFB-2B2B23FCCEA6}.Debug|Any CPU.Build.0 = Debug|Any CPU
		{BF9F8140-9CAB-4733-AEFB-2B2B23FCCEA6}.Debug|x64.ActiveCfg = Debug|Any CPU
		{BF9F8140-9CAB-4733-AEFB-2B2B23FCCEA6}.Debug|x64.Build.0 = Debug|Any CPU
		{BF9F8140-9CAB-4733-AEFB-2B2B23FCCEA6}.Debug|x86.ActiveCfg = Debug|Any CPU
		{BF9F8140-9CAB-4733-AEFB-2B2B23FCCEA6}.Debug|x86.Build.0 = Debug|Any CPU
		{BF9F8140-9CAB-4733-AEFB-2B2B23FCCEA6}.Release|Any CPU.ActiveCfg = Release|Any CPU
		{BF9F8140-9CAB-4733-AEFB-2B2B23FCCEA6}.Release|Any CPU.Build.0 = Release|Any CPU
		{BF9F8140-9CAB-4733-AEFB-2B2B23FCCEA6}.Release|x64.ActiveCfg = Release|Any CPU
		{BF9F8140-9CAB-4733-AEFB-2B2B23FCCEA6}.Release|x64.Build.0 = Release|Any CPU
		{BF9F8140-9CAB-4733-AEFB-2B2B23FCCEA6}.Release|x86.ActiveCfg = Release|Any CPU
		{BF9F8140-9CAB-4733-AEFB-2B2B23FCCEA6}.Release|x86.Build.0 = Release|Any CPU
		{9E8D4574-9EC2-4636-9A9D-0EA8A4955670}.Debug|Any CPU.ActiveCfg = Debug|Any CPU
		{9E8D4574-9EC2-4636-9A9D-0EA8A4955670}.Debug|Any CPU.Build.0 = Debug|Any CPU
		{9E8D4574-9EC2-4636-9A9D-0EA8A4955670}.Debug|x64.ActiveCfg = Debug|Any CPU
		{9E8D4574-9EC2-4636-9A9D-0EA8A4955670}.Debug|x64.Build.0 = Debug|Any CPU
		{9E8D4574-9EC2-4636-9A9D-0EA8A4955670}.Debug|x86.ActiveCfg = Debug|Any CPU
		{9E8D4574-9EC2-4636-9A9D-0EA8A4955670}.Debug|x86.Build.0 = Debug|Any CPU
		{9E8D4574-9EC2-4636-9A9D-0EA8A4955670}.Release|Any CPU.ActiveCfg = Release|Any CPU
		{9E8D4574-9EC2-4636-9A9D-0EA8A4955670}.Release|Any CPU.Build.0 = Release|Any CPU
		{9E8D4574-9EC2-4636-9A9D-0EA8A4955670}.Release|x64.ActiveCfg = Release|Any CPU
		{9E8D4574-9EC2-4636-9A9D-0EA8A4955670}.Release|x64.Build.0 = Release|Any CPU
		{9E8D4574-9EC2-4636-9A9D-0EA8A4955670}.Release|x86.ActiveCfg = Release|Any CPU
		{9E8D4574-9EC2-4636-9A9D-0EA8A4955670}.Release|x86.Build.0 = Release|Any CPU
		{E9BB1C5F-9E86-46E7-865A-7E05FC02E898}.Debug|Any CPU.ActiveCfg = Debug|Any CPU
		{E9BB1C5F-9E86-46E7-865A-7E05FC02E898}.Debug|Any CPU.Build.0 = Debug|Any CPU
		{E9BB1C5F-9E86-46E7-865A-7E05FC02E898}.Debug|x64.ActiveCfg = Debug|Any CPU
		{E9BB1C5F-9E86-46E7-865A-7E05FC02E898}.Debug|x64.Build.0 = Debug|Any CPU
		{E9BB1C5F-9E86-46E7-865A-7E05FC02E898}.Debug|x86.ActiveCfg = Debug|Any CPU
		{E9BB1C5F-9E86-46E7-865A-7E05FC02E898}.Debug|x86.Build.0 = Debug|Any CPU
		{E9BB1C5F-9E86-46E7-865A-7E05FC02E898}.Release|Any CPU.ActiveCfg = Release|Any CPU
		{E9BB1C5F-9E86-46E7-865A-7E05FC02E898}.Release|Any CPU.Build.0 = Release|Any CPU
		{E9BB1C5F-9E86-46E7-865A-7E05FC02E898}.Release|x64.ActiveCfg = Release|Any CPU
		{E9BB1C5F-9E86-46E7-865A-7E05FC02E898}.Release|x64.Build.0 = Release|Any CPU
		{E9BB1C5F-9E86-46E7-865A-7E05FC02E898}.Release|x86.ActiveCfg = Release|Any CPU
		{E9BB1C5F-9E86-46E7-865A-7E05FC02E898}.Release|x86.Build.0 = Release|Any CPU
	EndGlobalSection
	GlobalSection(SolutionProperties) = preSolution
		HideSolutionNode = FALSE
	EndGlobalSection
	GlobalSection(NestedProjects) = preSolution
		{BF9F8140-9CAB-4733-AEFB-2B2B23FCCEA6} = {827E0CD3-B72D-47B6-A68D-7590B98EB39B}
		{9E8D4574-9EC2-4636-9A9D-0EA8A4955670} = {827E0CD3-B72D-47B6-A68D-7590B98EB39B}
		{E9BB1C5F-9E86-46E7-865A-7E05FC02E898} = {0AB3BF05-4346-4AA6-1389-037BE0695223}
	EndGlobalSection
EndGlobal
